
Microsoft Visual Studio Solution File, Format Version 12.00
Project("{2150E333-8FDC-42A3-9474-1A3956D46DE8}") = "TODO", "TODO", "{0AFCACDA-FE5D-468D-AE02-3E11BA0584E9}"
EndProject
Project("{2150E333-8FDC-42A3-9474-1A3956D46DE8}") = "Common", "Common", "{61B38B4B-3891-408E-A53B-144BE0EB3F02}"
EndProject
Project("{2150E333-8FDC-42A3-9474-1A3956D46DE8}") = "Tests", "Tests", "{5308AD44-75C9-47D0-A509-EA088897656D}"
EndProject
Project("{FAE04EC0-301F-11D3-BF4B-00C04F79EFBC}") = "TODO.API", "TODO.API\TODO.API.csproj", "{B78CE0B7-06BD-4480-9AF5-F091E6045A56}"
EndProject
Project("{FAE04EC0-301F-11D3-BF4B-00C04F79EFBC}") = "TODO.Infrastructure", "TODO.Infrastructure\TODO.Infrastructure.csproj", "{2B3BD98B-8EE2-4423-93DD-CD34F5AB7E8A}"
EndProject
Project("{FAE04EC0-301F-11D3-BF4B-00C04F79EFBC}") = "TODO.Application", "TODO.Application\TODO.Application.csproj", "{13A4863C-F59A-4A52-81C3-4F8C6A9BC8DC}"
EndProject
Project("{FAE04EC0-301F-11D3-BF4B-00C04F79EFBC}") = "TODO.Persistence", "TODO.Persistence\TODO.Persistence.csproj", "{C12725AE-BA2D-4AB0-945C-D827B687C93F}"
EndProject
Project("{FAE04EC0-301F-11D3-BF4B-00C04F79EFBC}") = "Common.Domain", "Common.Domain\Common.Domain.csproj", "{05EEB8D0-8A4B-4FAC-A9CB-4B05544F9D50}"
EndProject
Project("{FAE04EC0-301F-11D3-BF4B-00C04F79EFBC}") = "Common.Utilities", "Common.Utilities\Common.Utilities.csproj", "{7F0F789D-04A4-495E-A39A-E591386932BE}"
EndProject
Project("{FAE04EC0-301F-11D3-BF4B-00C04F79EFBC}") = "TODO.Tests", "TODO.Tests\TODO.Tests.csproj", "{AC37002C-28F6-4551-A241-7156C6972175}"
EndProject
Project("{FAE04EC0-301F-11D3-BF4B-00C04F79EFBC}") = "Common.Utilities.Tests", "Common.Utilities.Tests\Common.Utilities.Tests.csproj", "{2FE4F327-CA9D-40E9-B7C8-72458C53EF67}"
EndProject
Global
	GlobalSection(SolutionConfigurationPlatforms) = preSolution
		Debug|Any CPU = Debug|Any CPU
		Release|Any CPU = Release|Any CPU
	EndGlobalSection
	GlobalSection(NestedProjects) = preSolution
		{B78CE0B7-06BD-4480-9AF5-F091E6045A56} = {0AFCACDA-FE5D-468D-AE02-3E11BA0584E9}
		{2B3BD98B-8EE2-4423-93DD-CD34F5AB7E8A} = {0AFCACDA-FE5D-468D-AE02-3E11BA0584E9}
		{13A4863C-F59A-4A52-81C3-4F8C6A9BC8DC} = {0AFCACDA-FE5D-468D-AE02-3E11BA0584E9}
		{C12725AE-BA2D-4AB0-945C-D827B687C93F} = {0AFCACDA-FE5D-468D-AE02-3E11BA0584E9}
		{05EEB8D0-8A4B-4FAC-A9CB-4B05544F9D50} = {61B38B4B-3891-408E-A53B-144BE0EB3F02}
		{7F0F789D-04A4-495E-A39A-E591386932BE} = {61B38B4B-3891-408E-A53B-144BE0EB3F02}
		{AC37002C-28F6-4551-A241-7156C6972175} = {5308AD44-75C9-47D0-A509-EA088897656D}
		{2FE4F327-CA9D-40E9-B7C8-72458C53EF67} = {5308AD44-75C9-47D0-A509-EA088897656D}
	EndGlobalSection
	GlobalSection(ProjectConfigurationPlatforms) = postSolution
		{B78CE0B7-06BD-4480-9AF5-F091E6045A56}.Debug|Any CPU.ActiveCfg = Debug|Any CPU
		{B78CE0B7-06BD-4480-9AF5-F091E6045A56}.Debug|Any CPU.Build.0 = Debug|Any CPU
		{B78CE0B7-06BD-4480-9AF5-F091E6045A56}.Release|Any CPU.ActiveCfg = Release|Any CPU
		{B78CE0B7-06BD-4480-9AF5-F091E6045A56}.Release|Any CPU.Build.0 = Release|Any CPU
		{2B3BD98B-8EE2-4423-93DD-CD34F5AB7E8A}.Debug|Any CPU.ActiveCfg = Debug|Any CPU
		{2B3BD98B-8EE2-4423-93DD-CD34F5AB7E8A}.Debug|Any CPU.Build.0 = Debug|Any CPU
		{2B3BD98B-8EE2-4423-93DD-CD34F5AB7E8A}.Release|Any CPU.ActiveCfg = Release|Any CPU
		{2B3BD98B-8EE2-4423-93DD-CD34F5AB7E8A}.Release|Any CPU.Build.0 = Release|Any CPU
		{13A4863C-F59A-4A52-81C3-4F8C6A9BC8DC}.Debug|Any CPU.ActiveCfg = Debug|Any CPU
		{13A4863C-F59A-4A52-81C3-4F8C6A9BC8DC}.Debug|Any CPU.Build.0 = Debug|Any CPU
		{13A4863C-F59A-4A52-81C3-4F8C6A9BC8DC}.Release|Any CPU.ActiveCfg = Release|Any CPU
		{13A4863C-F59A-4A52-81C3-4F8C6A9BC8DC}.Release|Any CPU.Build.0 = Release|Any CPU
		{C12725AE-BA2D-4AB0-945C-D827B687C93F}.Debug|Any CPU.ActiveCfg = Debug|Any CPU
		{C12725AE-BA2D-4AB0-945C-D827B687C93F}.Debug|Any CPU.Build.0 = Debug|Any CPU
		{C12725AE-BA2D-4AB0-945C-D827B687C93F}.Release|Any CPU.ActiveCfg = Release|Any CPU
		{C12725AE-BA2D-4AB0-945C-D827B687C93F}.Release|Any CPU.Build.0 = Release|Any CPU
		{05EEB8D0-8A4B-4FAC-A9CB-4B05544F9D50}.Debug|Any CPU.ActiveCfg = Debug|Any CPU
		{05EEB8D0-8A4B-4FAC-A9CB-4B05544F9D50}.Debug|Any CPU.Build.0 = Debug|Any CPU
		{05EEB8D0-8A4B-4FAC-A9CB-4B05544F9D50}.Release|Any CPU.ActiveCfg = Release|Any CPU
		{05EEB8D0-8A4B-4FAC-A9CB-4B05544F9D50}.Release|Any CPU.Build.0 = Release|Any CPU
		{7F0F789D-04A4-495E-A39A-E591386932BE}.Debug|Any CPU.ActiveCfg = Debug|Any CPU
		{7F0F789D-04A4-495E-A39A-E591386932BE}.Debug|Any CPU.Build.0 = Debug|Any CPU
		{7F0F789D-04A4-495E-A39A-E591386932BE}.Release|Any CPU.ActiveCfg = Release|Any CPU
		{7F0F789D-04A4-495E-A39A-E591386932BE}.Release|Any CPU.Build.0 = Release|Any CPU
		{AC37002C-28F6-4551-A241-7156C6972175}.Debug|Any CPU.ActiveCfg = Debug|Any CPU
		{AC37002C-28F6-4551-A241-7156C6972175}.Debug|Any CPU.Build.0 = Debug|Any CPU
		{AC37002C-28F6-4551-A241-7156C6972175}.Release|Any CPU.ActiveCfg = Release|Any CPU
		{AC37002C-28F6-4551-A241-7156C6972175}.Release|Any CPU.Build.0 = Release|Any CPU
		{2FE4F327-CA9D-40E9-B7C8-72458C53EF67}.Debug|Any CPU.ActiveCfg = Debug|Any CPU
		{2FE4F327-CA9D-40E9-B7C8-72458C53EF67}.Debug|Any CPU.Build.0 = Debug|Any CPU
		{2FE4F327-CA9D-40E9-B7C8-72458C53EF67}.Release|Any CPU.ActiveCfg = Release|Any CPU
		{2FE4F327-CA9D-40E9-B7C8-72458C53EF67}.Release|Any CPU.Build.0 = Release|Any CPU
	EndGlobalSection
EndGlobal
